
Microsoft Visual Studio Solution File, Format Version 12.00
# Visual Studio Version 16
VisualStudioVersion = 16.0.31729.503
MinimumVisualStudioVersion = 10.0.40219.1
Project("{FAE04EC0-301F-11D3-BF4B-00C04F79EFBC}") = "1109_MemberService", "1109_MemberService\1109_MemberService.csproj", "{510F4041-992C-4AAF-80FD-2ADCC27867FC}"
EndProject
Global
	GlobalSection(SolutionConfigurationPlatforms) = preSolution
		Debug|Any CPU = Debug|Any CPU
		Release|Any CPU = Release|Any CPU
	EndGlobalSection
	GlobalSection(ProjectConfigurationPlatforms) = postSolution
		{510F4041-992C-4AAF-80FD-2ADCC27867FC}.Debug|Any CPU.ActiveCfg = Debug|Any CPU
		{510F4041-992C-4AAF-80FD-2ADCC27867FC}.Debug|Any CPU.Build.0 = Debug|Any CPU
		{510F4041-992C-4AAF-80FD-2ADCC27867FC}.Release|Any CPU.ActiveCfg = Release|Any CPU
		{510F4041-992C-4AAF-80FD-2ADCC27867FC}.Release|Any CPU.Build.0 = Release|Any CPU
	EndGlobalSection
	GlobalSection(SolutionProperties) = preSolution
		HideSolutionNode = FALSE
	EndGlobalSection
	GlobalSection(ExtensibilityGlobals) = postSolution
		SolutionGuid = {6723AD13-5910-403D-B430-E627A02A55EF}
	EndGlobalSection
EndGlobal
