
Microsoft Visual Studio Solution File, Format Version 12.00
# Visual Studio Version 16
VisualStudioVersion = 16.0.31402.337
MinimumVisualStudioVersion = 10.0.40219.1
Project("{FAE04EC0-301F-11D3-BF4B-00C04F79EFBC}") = "1005_1", "1005_1\1005_1.csproj", "{AB3EA816-8570-4EC4-B0F7-5F09E9B00696}"
EndProject
Global
	GlobalSection(SolutionConfigurationPlatforms) = preSolution
		Debug|Any CPU = Debug|Any CPU
		Release|Any CPU = Release|Any CPU
	EndGlobalSection
	GlobalSection(ProjectConfigurationPlatforms) = postSolution
		{AB3EA816-8570-4EC4-B0F7-5F09E9B00696}.Debug|Any CPU.ActiveCfg = Debug|Any CPU
		{AB3EA816-8570-4EC4-B0F7-5F09E9B00696}.Debug|Any CPU.Build.0 = Debug|Any CPU
		{AB3EA816-8570-4EC4-B0F7-5F09E9B00696}.Release|Any CPU.ActiveCfg = Release|Any CPU
		{AB3EA816-8570-4EC4-B0F7-5F09E9B00696}.Release|Any CPU.Build.0 = Release|Any CPU
	EndGlobalSection
	GlobalSection(SolutionProperties) = preSolution
		HideSolutionNode = FALSE
	EndGlobalSection
	GlobalSection(ExtensibilityGlobals) = postSolution
		SolutionGuid = {46FAE0E7-655B-4EC1-A711-E2201599A377}
	EndGlobalSection
EndGlobal
