
Microsoft Visual Studio Solution File, Format Version 12.00
# Visual Studio Version 16
VisualStudioVersion = 16.0.31402.337
MinimumVisualStudioVersion = 10.0.40219.1
Project("{FAE04EC0-301F-11D3-BF4B-00C04F79EFBC}") = "0928_실습", "0928_실습\0928_실습.csproj", "{66AF30A3-188C-46D5-8971-BF89F105630E}"
EndProject
Global
	GlobalSection(SolutionConfigurationPlatforms) = preSolution
		Debug|Any CPU = Debug|Any CPU
		Release|Any CPU = Release|Any CPU
	EndGlobalSection
	GlobalSection(ProjectConfigurationPlatforms) = postSolution
		{66AF30A3-188C-46D5-8971-BF89F105630E}.Debug|Any CPU.ActiveCfg = Debug|Any CPU
		{66AF30A3-188C-46D5-8971-BF89F105630E}.Debug|Any CPU.Build.0 = Debug|Any CPU
		{66AF30A3-188C-46D5-8971-BF89F105630E}.Release|Any CPU.ActiveCfg = Release|Any CPU
		{66AF30A3-188C-46D5-8971-BF89F105630E}.Release|Any CPU.Build.0 = Release|Any CPU
	EndGlobalSection
	GlobalSection(SolutionProperties) = preSolution
		HideSolutionNode = FALSE
	EndGlobalSection
	GlobalSection(ExtensibilityGlobals) = postSolution
		SolutionGuid = {0540356E-7753-4364-89B6-D8EDC1B1C4C3}
	EndGlobalSection
EndGlobal
