
Microsoft Visual Studio Solution File, Format Version 12.00
# Visual Studio Version 16
VisualStudioVersion = 16.0.31729.503
MinimumVisualStudioVersion = 10.0.40219.1
Project("{FAE04EC0-301F-11D3-BF4B-00C04F79EFBC}") = "1109_MemberClient", "1109_MemberClient\1109_MemberClient.csproj", "{0D16CFBF-3CFE-4A08-9261-221AAD780A59}"
EndProject
Global
	GlobalSection(SolutionConfigurationPlatforms) = preSolution
		Debug|Any CPU = Debug|Any CPU
		Release|Any CPU = Release|Any CPU
	EndGlobalSection
	GlobalSection(ProjectConfigurationPlatforms) = postSolution
		{0D16CFBF-3CFE-4A08-9261-221AAD780A59}.Debug|Any CPU.ActiveCfg = Debug|Any CPU
		{0D16CFBF-3CFE-4A08-9261-221AAD780A59}.Debug|Any CPU.Build.0 = Debug|Any CPU
		{0D16CFBF-3CFE-4A08-9261-221AAD780A59}.Release|Any CPU.ActiveCfg = Release|Any CPU
		{0D16CFBF-3CFE-4A08-9261-221AAD780A59}.Release|Any CPU.Build.0 = Release|Any CPU
	EndGlobalSection
	GlobalSection(SolutionProperties) = preSolution
		HideSolutionNode = FALSE
	EndGlobalSection
	GlobalSection(ExtensibilityGlobals) = postSolution
		SolutionGuid = {62442BFB-97D7-4A85-B47B-176D51DAC87E}
	EndGlobalSection
EndGlobal
