
Microsoft Visual Studio Solution File, Format Version 12.00
# Visual Studio Version 16
VisualStudioVersion = 16.0.31402.337
MinimumVisualStudioVersion = 10.0.40219.1
Project("{FAE04EC0-301F-11D3-BF4B-00C04F79EFBC}") = "0928_Server", "0928_Server\0928_Server.csproj", "{72EC0412-D79E-4E97-9CDA-9690B93FA6EA}"
EndProject
Global
	GlobalSection(SolutionConfigurationPlatforms) = preSolution
		Debug|Any CPU = Debug|Any CPU
		Release|Any CPU = Release|Any CPU
	EndGlobalSection
	GlobalSection(ProjectConfigurationPlatforms) = postSolution
		{72EC0412-D79E-4E97-9CDA-9690B93FA6EA}.Debug|Any CPU.ActiveCfg = Debug|Any CPU
		{72EC0412-D79E-4E97-9CDA-9690B93FA6EA}.Debug|Any CPU.Build.0 = Debug|Any CPU
		{72EC0412-D79E-4E97-9CDA-9690B93FA6EA}.Release|Any CPU.ActiveCfg = Release|Any CPU
		{72EC0412-D79E-4E97-9CDA-9690B93FA6EA}.Release|Any CPU.Build.0 = Release|Any CPU
	EndGlobalSection
	GlobalSection(SolutionProperties) = preSolution
		HideSolutionNode = FALSE
	EndGlobalSection
	GlobalSection(ExtensibilityGlobals) = postSolution
		SolutionGuid = {CD0C505B-78D3-45A2-8899-7A8764B0A0D2}
	EndGlobalSection
EndGlobal
