
Microsoft Visual Studio Solution File, Format Version 12.00
# Visual Studio Version 16
VisualStudioVersion = 16.0.31402.337
MinimumVisualStudioVersion = 10.0.40219.1
Project("{FAE04EC0-301F-11D3-BF4B-00C04F79EFBC}") = "1103_PictureService", "1103_PictureService\1103_PictureService.csproj", "{06286E98-4038-4E48-8B44-E0AC6FA82F3F}"
EndProject
Global
	GlobalSection(SolutionConfigurationPlatforms) = preSolution
		Debug|Any CPU = Debug|Any CPU
		Release|Any CPU = Release|Any CPU
	EndGlobalSection
	GlobalSection(ProjectConfigurationPlatforms) = postSolution
		{06286E98-4038-4E48-8B44-E0AC6FA82F3F}.Debug|Any CPU.ActiveCfg = Debug|Any CPU
		{06286E98-4038-4E48-8B44-E0AC6FA82F3F}.Debug|Any CPU.Build.0 = Debug|Any CPU
		{06286E98-4038-4E48-8B44-E0AC6FA82F3F}.Release|Any CPU.ActiveCfg = Release|Any CPU
		{06286E98-4038-4E48-8B44-E0AC6FA82F3F}.Release|Any CPU.Build.0 = Release|Any CPU
	EndGlobalSection
	GlobalSection(SolutionProperties) = preSolution
		HideSolutionNode = FALSE
	EndGlobalSection
	GlobalSection(ExtensibilityGlobals) = postSolution
		SolutionGuid = {F716EDAA-3DAA-45C5-80C6-C69DD88A9413}
	EndGlobalSection
EndGlobal
