
Microsoft Visual Studio Solution File, Format Version 12.00
# Visual Studio Version 16
VisualStudioVersion = 16.0.30804.86
MinimumVisualStudioVersion = 10.0.40219.1
Project("{FAE04EC0-301F-11D3-BF4B-00C04F79EFBC}") = "1101_실습", "1101_실습\1101_실습.csproj", "{B4F7E3CA-9611-4182-8AF7-D5A38362F5D9}"
EndProject
Global
	GlobalSection(SolutionConfigurationPlatforms) = preSolution
		Debug|Any CPU = Debug|Any CPU
		Release|Any CPU = Release|Any CPU
	EndGlobalSection
	GlobalSection(ProjectConfigurationPlatforms) = postSolution
		{B4F7E3CA-9611-4182-8AF7-D5A38362F5D9}.Debug|Any CPU.ActiveCfg = Debug|Any CPU
		{B4F7E3CA-9611-4182-8AF7-D5A38362F5D9}.Debug|Any CPU.Build.0 = Debug|Any CPU
		{B4F7E3CA-9611-4182-8AF7-D5A38362F5D9}.Release|Any CPU.ActiveCfg = Release|Any CPU
		{B4F7E3CA-9611-4182-8AF7-D5A38362F5D9}.Release|Any CPU.Build.0 = Release|Any CPU
	EndGlobalSection
	GlobalSection(SolutionProperties) = preSolution
		HideSolutionNode = FALSE
	EndGlobalSection
	GlobalSection(ExtensibilityGlobals) = postSolution
		SolutionGuid = {D80FDF8C-D728-46E8-959C-3F39FDA4B962}
	EndGlobalSection
EndGlobal
