
Microsoft Visual Studio Solution File, Format Version 12.00
# Visual Studio Version 16
VisualStudioVersion = 16.0.31402.337
MinimumVisualStudioVersion = 10.0.40219.1
Project("{FAE04EC0-301F-11D3-BF4B-00C04F79EFBC}") = "1007_Sample", "1007_Sample\1007_Sample.csproj", "{523BD637-868A-4BC4-8BFD-1819D522CC5F}"
EndProject
Global
	GlobalSection(SolutionConfigurationPlatforms) = preSolution
		Debug|Any CPU = Debug|Any CPU
		Release|Any CPU = Release|Any CPU
	EndGlobalSection
	GlobalSection(ProjectConfigurationPlatforms) = postSolution
		{523BD637-868A-4BC4-8BFD-1819D522CC5F}.Debug|Any CPU.ActiveCfg = Debug|Any CPU
		{523BD637-868A-4BC4-8BFD-1819D522CC5F}.Debug|Any CPU.Build.0 = Debug|Any CPU
		{523BD637-868A-4BC4-8BFD-1819D522CC5F}.Release|Any CPU.ActiveCfg = Release|Any CPU
		{523BD637-868A-4BC4-8BFD-1819D522CC5F}.Release|Any CPU.Build.0 = Release|Any CPU
	EndGlobalSection
	GlobalSection(SolutionProperties) = preSolution
		HideSolutionNode = FALSE
	EndGlobalSection
	GlobalSection(ExtensibilityGlobals) = postSolution
		SolutionGuid = {6BBE37AD-0AA1-4CEB-8E3B-C33E12DF6C05}
	EndGlobalSection
EndGlobal
